
Microsoft Visual Studio Solution File, Format Version 12.00
# Visual Studio Version 17
VisualStudioVersion = 17.2.32602.215
MinimumVisualStudioVersion = 10.0.40219.1
Project("{FAE04EC0-301F-11D3-BF4B-00C04F79EFBC}") = "form", "form.csproj", "{922D5F28-36B0-417D-99B8-1D4A8C7DBAD7}"
EndProject
Global
	GlobalSection(SolutionConfigurationPlatforms) = preSolution
		Debug|Any CPU = Debug|Any CPU
		Release|Any CPU = Release|Any CPU
	EndGlobalSection
	GlobalSection(ProjectConfigurationPlatforms) = postSolution
		{922D5F28-36B0-417D-99B8-1D4A8C7DBAD7}.Debug|Any CPU.ActiveCfg = Debug|Any CPU
		{922D5F28-36B0-417D-99B8-1D4A8C7DBAD7}.Debug|Any CPU.Build.0 = Debug|Any CPU
		{922D5F28-36B0-417D-99B8-1D4A8C7DBAD7}.Release|Any CPU.ActiveCfg = Release|Any CPU
		{922D5F28-36B0-417D-99B8-1D4A8C7DBAD7}.Release|Any CPU.Build.0 = Release|Any CPU
	EndGlobalSection
	GlobalSection(SolutionProperties) = preSolution
		HideSolutionNode = FALSE
	EndGlobalSection
	GlobalSection(ExtensibilityGlobals) = postSolution
		SolutionGuid = {2741AD42-BF17-4514-8433-89B2A2867BC5}
	EndGlobalSection
EndGlobal
